// !$*UTF8*$!
{
	archiveVersion = 1;
	classes = {
	};
	objectVersion = 60;
	objects = {

/* Begin PBXBuildFile section */
		FC0976862DC72DF900C307FD /* UIComponents.swift in Sources */ = {isa = PBXBuildFile; fileRef = FC0976852DC72DF900C307FD /* UIComponents.swift */; };
		FCB9B0C82DBDFD4500110511 /* Me2ComicApp.swift in Sources */ = {isa = PBXBuildFile; fileRef = FCB9B0C72DBDFD4500110511 /* Me2ComicApp.swift */; };
		FCB9B0CA2DBDFD4500110511 /* ImageProcessorView.swift in Sources */ = {isa = PBXBuildFile; fileRef = FCB9B0C92DBDFD4500110511 /* ImageProcessorView.swift */; };
		FCB9B0CC2DBDFD4700110511 /* Assets.xcassets in Resources */ = {isa = PBXBuildFile; fileRef = FCB9B0CB2DBDFD4700110511 /* Assets.xcassets */; };
		FCED85302DD1B89500E299D1 /* ImageProcessor.swift in Sources */ = {isa = PBXBuildFile; fileRef = FCED852F2DD1B89500E299D1 /* ImageProcessor.swift */; };
		FCF8E79E2DC9F8F60044291C /* Localizable.strings in Resources */ = {isa = PBXBuildFile; fileRef = FCF8E7A02DC9F8F60044291C /* Localizable.strings */; };
/* End PBXBuildFile section */

/* Begin PBXFileReference section */
		FC0976852DC72DF900C307FD /* UIComponents.swift */ = {isa = PBXFileReference; lastKnownFileType = sourcecode.swift; path = UIComponents.swift; sourceTree = "<group>"; };
		FC8BA09D2DCB7E1B007582B9 /* zh-Hant */ = {isa = PBXFileReference; lastKnownFileType = text.plist.strings; name = "zh-Hant"; path = "zh-Hant.lproj/Localizable.strings"; sourceTree = "<group>"; };
		FC96492D2DCA646B00DAB31A /* ja */ = {isa = PBXFileReference; lastKnownFileType = text.plist.strings; name = ja; path = ja.lproj/Localizable.strings; sourceTree = "<group>"; };
		FCB9B0C42DBDFD4500110511 /* Me2Comic.app */ = {isa = PBXFileReference; explicitFileType = wrapper.application; includeInIndex = 0; path = Me2Comic.app; sourceTree = BUILT_PRODUCTS_DIR; };
		FCB9B0C72DBDFD4500110511 /* Me2ComicApp.swift */ = {isa = PBXFileReference; lastKnownFileType = sourcecode.swift; path = Me2ComicApp.swift; sourceTree = "<group>"; };
		FCB9B0C92DBDFD4500110511 /* ImageProcessorView.swift */ = {isa = PBXFileReference; lastKnownFileType = sourcecode.swift; path = ImageProcessorView.swift; sourceTree = "<group>"; };
		FCB9B0CB2DBDFD4700110511 /* Assets.xcassets */ = {isa = PBXFileReference; lastKnownFileType = folder.assetcatalog; path = Assets.xcassets; sourceTree = "<group>"; };
		FCB9B0D02DBDFD4700110511 /* Me2Comic.entitlements */ = {isa = PBXFileReference; lastKnownFileType = text.plist.entitlements; path = Me2Comic.entitlements; sourceTree = "<group>"; };
		FCED852F2DD1B89500E299D1 /* ImageProcessor.swift */ = {isa = PBXFileReference; lastKnownFileType = sourcecode.swift; path = ImageProcessor.swift; sourceTree = "<group>"; };
		FCF8E79F2DC9F8F60044291C /* en */ = {isa = PBXFileReference; lastKnownFileType = text.plist.strings; name = en; path = en.lproj/Localizable.strings; sourceTree = "<group>"; };
		FCF8E7A12DC9F8F80044291C /* zh-Hans */ = {isa = PBXFileReference; lastKnownFileType = text.plist.strings; name = "zh-Hans"; path = "zh-Hans.lproj/Localizable.strings"; sourceTree = "<group>"; };
/* End PBXFileReference section */

/* Begin PBXFrameworksBuildPhase section */
		FCB9B0C12DBDFD4500110511 /* Frameworks */ = {
			isa = PBXFrameworksBuildPhase;
			buildActionMask = 2147483647;
			files = (
			);
			runOnlyForDeploymentPostprocessing = 0;
		};
/* End PBXFrameworksBuildPhase section */

/* Begin PBXGroup section */
		FC39697C2DCE28FA006BB484 /* Resources */ = {
			isa = PBXGroup;
			children = (
				FCB9B0CB2DBDFD4700110511 /* Assets.xcassets */,
				FC39697D2DCE290B006BB484 /* Localizations */,
			);
			path = Resources;
			sourceTree = "<group>";
		};
		FC39697D2DCE290B006BB484 /* Localizations */ = {
			isa = PBXGroup;
			children = (
				FCF8E7A02DC9F8F60044291C /* Localizable.strings */,
			);
			path = Localizations;
			sourceTree = "<group>";
		};
		FCB9B0BB2DBDFD4500110511 = {
			isa = PBXGroup;
			children = (
				FCB9B0C62DBDFD4500110511 /* Me2Comic */,
				FCB9B0C52DBDFD4500110511 /* Products */,
			);
			sourceTree = "<group>";
		};
		FCB9B0C52DBDFD4500110511 /* Products */ = {
			isa = PBXGroup;
			children = (
				FCB9B0C42DBDFD4500110511 /* Me2Comic.app */,
			);
			name = Products;
			sourceTree = "<group>";
		};
		FCB9B0C62DBDFD4500110511 /* Me2Comic */ = {
			isa = PBXGroup;
			children = (
				FCF6FDC42DF08BBA00572AC1 /* Views */,
				FCF6FDC32DF08BA500572AC1 /* Core */,
				FC39697C2DCE28FA006BB484 /* Resources */,
				FCB9B0C72DBDFD4500110511 /* Me2ComicApp.swift */,
				FCB9B0D02DBDFD4700110511 /* Me2Comic.entitlements */,
			);
			path = Me2Comic;
			sourceTree = "<group>";
		};
		FCF6FDC32DF08BA500572AC1 /* Core */ = {
			isa = PBXGroup;
			children = (
				FCED852F2DD1B89500E299D1 /* ImageProcessor.swift */,
			);
			path = Core;
			sourceTree = "<group>";
		};
		FCF6FDC42DF08BBA00572AC1 /* Views */ = {
			isa = PBXGroup;
			children = (
				FC0976852DC72DF900C307FD /* UIComponents.swift */,
				FCB9B0C92DBDFD4500110511 /* ImageProcessorView.swift */,
			);
			path = Views;
			sourceTree = "<group>";
		};
/* End PBXGroup section */

/* Begin PBXNativeTarget section */
		FCB9B0C32DBDFD4500110511 /* Me2Comic */ = {
			isa = PBXNativeTarget;
			buildConfigurationList = FCB9B0D32DBDFD4700110511 /* Build configuration list for PBXNativeTarget "Me2Comic" */;
			buildPhases = (
				FCB9B0C02DBDFD4500110511 /* Sources */,
				FCB9B0C12DBDFD4500110511 /* Frameworks */,
				FCB9B0C22DBDFD4500110511 /* Resources */,
			);
			buildRules = (
			);
			dependencies = (
			);
			name = Me2Comic;
			productName = Me2Comic;
			productReference = FCB9B0C42DBDFD4500110511 /* Me2Comic.app */;
			productType = "com.apple.product-type.application";
		};
/* End PBXNativeTarget section */

/* Begin PBXProject section */
		FCB9B0BC2DBDFD4500110511 /* Project object */ = {
			isa = PBXProject;
			attributes = {
				BuildIndependentTargetsInParallel = 1;
				LastSwiftUpdateCheck = 1520;
				LastUpgradeCheck = 1520;
				TargetAttributes = {
					FCB9B0C32DBDFD4500110511 = {
						CreatedOnToolsVersion = 15.2;
					};
				};
			};
			buildConfigurationList = FCB9B0BF2DBDFD4500110511 /* Build configuration list for PBXProject "Me2Comic" */;
			compatibilityVersion = "Xcode 15.0";
			developmentRegion = en;
			hasScannedForEncodings = 0;
			knownRegions = (
				en,
				Base,
				"zh-Hans",
				ja,
				"zh-Hant",
			);
			mainGroup = FCB9B0BB2DBDFD4500110511;
			productRefGroup = FCB9B0C52DBDFD4500110511 /* Products */;
			projectDirPath = "";
			projectRoot = "";
			targets = (
				FCB9B0C32DBDFD4500110511 /* Me2Comic */,
			);
		};
/* End PBXProject section */

/* Begin PBXResourcesBuildPhase section */
		FCB9B0C22DBDFD4500110511 /* Resources */ = {
			isa = PBXResourcesBuildPhase;
			buildActionMask = 2147483647;
			files = (
				FCF8E79E2DC9F8F60044291C /* Localizable.strings in Resources */,
				FCB9B0CC2DBDFD4700110511 /* Assets.xcassets in Resources */,
			);
			runOnlyForDeploymentPostprocessing = 0;
		};
/* End PBXResourcesBuildPhase section */

/* Begin PBXSourcesBuildPhase section */
		FCB9B0C02DBDFD4500110511 /* Sources */ = {
			isa = PBXSourcesBuildPhase;
			buildActionMask = 2147483647;
			files = (
				FCB9B0CA2DBDFD4500110511 /* ImageProcessorView.swift in Sources */,
				FC0976862DC72DF900C307FD /* UIComponents.swift in Sources */,
				FCED85302DD1B89500E299D1 /* ImageProcessor.swift in Sources */,
				FCB9B0C82DBDFD4500110511 /* Me2ComicApp.swift in Sources */,
			);
			runOnlyForDeploymentPostprocessing = 0;
		};
/* End PBXSourcesBuildPhase section */

/* Begin PBXVariantGroup section */
		FCF8E7A02DC9F8F60044291C /* Localizable.strings */ = {
			isa = PBXVariantGroup;
			children = (
				FCF8E79F2DC9F8F60044291C /* en */,
				FCF8E7A12DC9F8F80044291C /* zh-Hans */,
				FC96492D2DCA646B00DAB31A /* ja */,
				FC8BA09D2DCB7E1B007582B9 /* zh-Hant */,
			);
			name = Localizable.strings;
			sourceTree = "<group>";
		};
/* End PBXVariantGroup section */

/* Begin XCBuildConfiguration section */
		FCB9B0D12DBDFD4700110511 /* Debug */ = {
			isa = XCBuildConfiguration;
			buildSettings = {
				ALWAYS_SEARCH_USER_PATHS = NO;
				ASSETCATALOG_COMPILER_GENERATE_SWIFT_ASSET_SYMBOL_EXTENSIONS = YES;
				CLANG_ANALYZER_NONNULL = YES;
				CLANG_ANALYZER_NUMBER_OBJECT_CONVERSION = YES_AGGRESSIVE;
				CLANG_CXX_LANGUAGE_STANDARD = "gnu++20";
				CLANG_ENABLE_MODULES = YES;
				CLANG_ENABLE_OBJC_ARC = YES;
				CLANG_ENABLE_OBJC_WEAK = YES;
				CLANG_WARN_BLOCK_CAPTURE_AUTORELEASING = YES;
				CLANG_WARN_BOOL_CONVERSION = YES;
				CLANG_WARN_COMMA = YES;
				CLANG_WARN_CONSTANT_CONVERSION = YES;
				CLANG_WARN_DEPRECATED_OBJC_IMPLEMENTATIONS = YES;
				CLANG_WARN_DIRECT_OBJC_ISA_USAGE = YES_ERROR;
				CLANG_WARN_DOCUMENTATION_COMMENTS = YES;
				CLANG_WARN_EMPTY_BODY = YES;
				CLANG_WARN_ENUM_CONVERSION = YES;
				CLANG_WARN_INFINITE_RECURSION = YES;
				CLANG_WARN_INT_CONVERSION = YES;
				CLANG_WARN_NON_LITERAL_NULL_CONVERSION = YES;
				CLANG_WARN_OBJC_IMPLICIT_RETAIN_SELF = YES;
				CLANG_WARN_OBJC_LITERAL_CONVERSION = YES;
				CLANG_WARN_OBJC_ROOT_CLASS = YES_ERROR;
				CLANG_WARN_QUOTED_INCLUDE_IN_FRAMEWORK_HEADER = YES;
				CLANG_WARN_RANGE_LOOP_ANALYSIS = YES;
				CLANG_WARN_STRICT_PROTOTYPES = YES;
				CLANG_WARN_SUSPICIOUS_MOVE = YES;
				CLANG_WARN_UNGUARDED_AVAILABILITY = YES_AGGRESSIVE;
				CLANG_WARN_UNREACHABLE_CODE = YES;
				CLANG_WARN__DUPLICATE_METHOD_MATCH = YES;
				COPY_PHASE_STRIP = NO;
				DEBUG_INFORMATION_FORMAT = dwarf;
				ENABLE_STRICT_OBJC_MSGSEND = YES;
				ENABLE_TESTABILITY = YES;
				ENABLE_USER_SCRIPT_SANDBOXING = YES;
				GCC_C_LANGUAGE_STANDARD = gnu17;
				GCC_DYNAMIC_NO_PIC = NO;
				GCC_NO_COMMON_BLOCKS = YES;
				GCC_OPTIMIZATION_LEVEL = 0;
				GCC_PREPROCESSOR_DEFINITIONS = (
					"DEBUG=1",
					"$(inherited)",
				);
				GCC_WARN_64_TO_32_BIT_CONVERSION = YES;
				GCC_WARN_ABOUT_RETURN_TYPE = YES_ERROR;
				GCC_WARN_UNDECLARED_SELECTOR = YES;
				GCC_WARN_UNINITIALIZED_AUTOS = YES_AGGRESSIVE;
				GCC_WARN_UNUSED_FUNCTION = YES;
				GCC_WARN_UNUSED_VARIABLE = YES;
				LOCALIZATION_PREFERS_STRING_CATALOGS = YES;
				MACOSX_DEPLOYMENT_TARGET = 13.0;
				MTL_ENABLE_DEBUG_INFO = INCLUDE_SOURCE;
				MTL_FAST_MATH = YES;
				ONLY_ACTIVE_ARCH = YES;
				SDKROOT = macosx;
				SWIFT_ACTIVE_COMPILATION_CONDITIONS = "DEBUG $(inherited)";
				SWIFT_OPTIMIZATION_LEVEL = "-Onone";
			};
			name = Debug;
		};
		FCB9B0D22DBDFD4700110511 /* Release */ = {
			isa = XCBuildConfiguration;
			buildSettings = {
				ALWAYS_SEARCH_USER_PATHS = NO;
				ASSETCATALOG_COMPILER_GENERATE_SWIFT_ASSET_SYMBOL_EXTENSIONS = YES;
				CLANG_ANALYZER_NONNULL = YES;
				CLANG_ANALYZER_NUMBER_OBJECT_CONVERSION = YES_AGGRESSIVE;
				CLANG_CXX_LANGUAGE_STANDARD = "gnu++20";
				CLANG_ENABLE_MODULES = YES;
				CLANG_ENABLE_OBJC_ARC = YES;
				CLANG_ENABLE_OBJC_WEAK = YES;
				CLANG_WARN_BLOCK_CAPTURE_AUTORELEASING = YES;
				CLANG_WARN_BOOL_CONVERSION = YES;
				CLANG_WARN_COMMA = YES;
				CLANG_WARN_CONSTANT_CONVERSION = YES;
				CLANG_WARN_DEPRECATED_OBJC_IMPLEMENTATIONS = YES;
				CLANG_WARN_DIRECT_OBJC_ISA_USAGE = YES_ERROR;
				CLANG_WARN_DOCUMENTATION_COMMENTS = YES;
				CLANG_WARN_EMPTY_BODY = YES;
				CLANG_WARN_ENUM_CONVERSION = YES;
				CLANG_WARN_INFINITE_RECURSION = YES;
				CLANG_WARN_INT_CONVERSION = YES;
				CLANG_WARN_NON_LITERAL_NULL_CONVERSION = YES;
				CLANG_WARN_OBJC_IMPLICIT_RETAIN_SELF = YES;
				CLANG_WARN_OBJC_LITERAL_CONVERSION = YES;
				CLANG_WARN_OBJC_ROOT_CLASS = YES_ERROR;
				CLANG_WARN_QUOTED_INCLUDE_IN_FRAMEWORK_HEADER = YES;
				CLANG_WARN_RANGE_LOOP_ANALYSIS = YES;
				CLANG_WARN_STRICT_PROTOTYPES = YES;
				CLANG_WARN_SUSPICIOUS_MOVE = YES;
				CLANG_WARN_UNGUARDED_AVAILABILITY = YES_AGGRESSIVE;
				CLANG_WARN_UNREACHABLE_CODE = YES;
				CLANG_WARN__DUPLICATE_METHOD_MATCH = YES;
				COPY_PHASE_STRIP = NO;
				DEBUG_INFORMATION_FORMAT = "dwarf-with-dsym";
				ENABLE_NS_ASSERTIONS = NO;
				ENABLE_STRICT_OBJC_MSGSEND = YES;
				ENABLE_USER_SCRIPT_SANDBOXING = YES;
				GCC_C_LANGUAGE_STANDARD = gnu17;
				GCC_NO_COMMON_BLOCKS = YES;
				GCC_WARN_64_TO_32_BIT_CONVERSION = YES;
				GCC_WARN_ABOUT_RETURN_TYPE = YES_ERROR;
				GCC_WARN_UNDECLARED_SELECTOR = YES;
				GCC_WARN_UNINITIALIZED_AUTOS = YES_AGGRESSIVE;
				GCC_WARN_UNUSED_FUNCTION = YES;
				GCC_WARN_UNUSED_VARIABLE = YES;
				LOCALIZATION_PREFERS_STRING_CATALOGS = YES;
				MACOSX_DEPLOYMENT_TARGET = 13.0;
				MTL_ENABLE_DEBUG_INFO = NO;
				MTL_FAST_MATH = YES;
				SDKROOT = macosx;
				SWIFT_COMPILATION_MODE = wholemodule;
			};
			name = Release;
		};
		FCB9B0D42DBDFD4700110511 /* Debug */ = {
			isa = XCBuildConfiguration;
			buildSettings = {
				ARCHS = "$(ARCHS_STANDARD)";
				ASSETCATALOG_COMPILER_APPICON_NAME = AppIcon;
				ASSETCATALOG_COMPILER_GLOBAL_ACCENT_COLOR_NAME = AccentColor;
				CODE_SIGN_ENTITLEMENTS = Me2Comic/Me2Comic.entitlements;
				"CODE_SIGN_IDENTITY[sdk=macosx*]" = "-";
				CODE_SIGN_STYLE = Automatic;
				COMBINE_HIDPI_IMAGES = YES;
				DEAD_CODE_STRIPPING = NO;
				DEBUG_INFORMATION_FORMAT = "dwarf-with-dsym";
				DEVELOPMENT_ASSET_PATHS = "";
				DEVELOPMENT_TEAM = 2XCFSMR77F;
				ENABLE_HARDENED_RUNTIME = YES;
				ENABLE_PREVIEWS = YES;
				GENERATE_INFOPLIST_FILE = YES;
				INFOPLIST_FILE = Me2Comic/Info.plist;
				INFOPLIST_KEY_CFBundleDisplayName = Me2Comic;
				INFOPLIST_KEY_LSApplicationCategoryType = "public.app-category.graphics-design";
				INFOPLIST_KEY_NSHumanReadableCopyright = "© 2025 Me2";
				LD_RUNPATH_SEARCH_PATHS = (
					"$(inherited)",
					"@executable_path/../Frameworks",
				);
				MACOSX_DEPLOYMENT_TARGET = 13.0;
				MARKETING_VERSION = 0.9.0;
				ONLY_ACTIVE_ARCH = YES;
				PRODUCT_BUNDLE_IDENTIFIER = me2.comic.me2comic;
				PRODUCT_NAME = "$(TARGET_NAME)";
				SWIFT_EMIT_LOC_STRINGS = YES;
				SWIFT_VERSION = 5.0;
			};
			name = Debug;
		};
		FCB9B0D52DBDFD4700110511 /* Release */ = {
			isa = XCBuildConfiguration;
			buildSettings = {
				ARCHS = "$(ARCHS_STANDARD)";
				ASSETCATALOG_COMPILER_APPICON_NAME = AppIcon;
				ASSETCATALOG_COMPILER_GLOBAL_ACCENT_COLOR_NAME = AccentColor;
				CODE_SIGN_ENTITLEMENTS = Me2Comic/Me2Comic.entitlements;
				"CODE_SIGN_IDENTITY[sdk=macosx*]" = "-";
				CODE_SIGN_STYLE = Automatic;
				COMBINE_HIDPI_IMAGES = YES;
				COPY_PHASE_STRIP = YES;
				DEAD_CODE_STRIPPING = YES;
				DEBUG_INFORMATION_FORMAT = dwarf;
				DEVELOPMENT_ASSET_PATHS = "";
				DEVELOPMENT_TEAM = 2XCFSMR77F;
				ENABLE_HARDENED_RUNTIME = YES;
				ENABLE_PREVIEWS = YES;
				GCC_OPTIMIZATION_LEVEL = 3;
				GENERATE_INFOPLIST_FILE = YES;
				INFOPLIST_FILE = Me2Comic/Info.plist;
				INFOPLIST_KEY_CFBundleDisplayName = Me2Comic;
				INFOPLIST_KEY_LSApplicationCategoryType = "public.app-category.graphics-design";
				INFOPLIST_KEY_NSHumanReadableCopyright = "© 2025 Me2";
				LD_RUNPATH_SEARCH_PATHS = (
					"$(inherited)",
					"@executable_path/../Frameworks",
				);
				LLVM_LTO = YES;
				MACOSX_DEPLOYMENT_TARGET = 13.0;
				MARKETING_VERSION = 0.9.0;
				ONLY_ACTIVE_ARCH = YES;
				PRODUCT_BUNDLE_IDENTIFIER = me2.comic.me2comic;
				PRODUCT_NAME = "$(TARGET_NAME)";
				SWIFT_DISABLE_SAFETY_CHECKS = YES;
				SWIFT_EMIT_LOC_STRINGS = YES;
				SWIFT_VERSION = 5.0;
			};
			name = Release;
		};
/* End XCBuildConfiguration section */

/* Begin XCConfigurationList section */
		FCB9B0BF2DBDFD4500110511 /* Build configuration list for PBXProject "Me2Comic" */ = {
			isa = XCConfigurationList;
			buildConfigurations = (
				FCB9B0D12DBDFD4700110511 /* Debug */,
				FCB9B0D22DBDFD4700110511 /* Release */,
			);
			defaultConfigurationIsVisible = 0;
			defaultConfigurationName = Release;
		};
		FCB9B0D32DBDFD4700110511 /* Build configuration list for PBXNativeTarget "Me2Comic" */ = {
			isa = XCConfigurationList;
			buildConfigurations = (
				FCB9B0D42DBDFD4700110511 /* Debug */,
				FCB9B0D52DBDFD4700110511 /* Release */,
			);
			defaultConfigurationIsVisible = 0;
			defaultConfigurationName = Release;
		};
/* End XCConfigurationList section */
	};
	rootObject = FCB9B0BC2DBDFD4500110511 /* Project object */;
}
